
Microsoft Visual Studio Solution File, Format Version 12.00
# Visual Studio Version 16
VisualStudioVersion = 16.0.31321.278
MinimumVisualStudioVersion = 10.0.40219.1
Project("{8BC9CEB8-8B4A-11D0-8D11-00A0C91BC942}") = "001.演示创建项目", "001.演示创建项目\001.演示创建项目.vcxproj", "{91879D99-3D89-4F5A-AA4F-5BAE686DD2E1}"
EndProject
Project("{8BC9CEB8-8B4A-11D0-8D11-00A0C91BC942}") = "002.打印ASCII码", "002.打印ASCII码\002.打印ASCII码.vcxproj", "{3DB5A4CD-1B0F-4241-9D2C-AA417543DC01}"
EndProject
Project("{2150E333-8FDC-42A3-9474-1A3956D46DE8}") = "练习", "练习", "{EB77000A-F6F0-4A0C-91CC-7192256321E1}"
EndProject
Project("{8BC9CEB8-8B4A-11D0-8D11-00A0C91BC942}") = "9-9", "练习\9-9\9-9.vcxproj", "{28BBF221-9319-45D1-8BB6-E810CAEF29CB}"
EndProject
Project("{8BC9CEB8-8B4A-11D0-8D11-00A0C91BC942}") = "9-10", "练习\9-10\9-10.vcxproj", "{CEBBA80F-1BE2-4980-88C9-CCB8A25C1A24}"
EndProject
Project("{8BC9CEB8-8B4A-11D0-8D11-00A0C91BC942}") = "9-12", "练习\9-12\9-12.vcxproj", "{4AE281EB-740F-45B2-976C-4DF9F70B360F}"
EndProject
Global
	GlobalSection(SolutionConfigurationPlatforms) = preSolution
		Debug|x64 = Debug|x64
		Debug|x86 = Debug|x86
		Release|x64 = Release|x64
		Release|x86 = Release|x86
	EndGlobalSection
	GlobalSection(ProjectConfigurationPlatforms) = postSolution
		{91879D99-3D89-4F5A-AA4F-5BAE686DD2E1}.Debug|x64.ActiveCfg = Debug|x64
		{91879D99-3D89-4F5A-AA4F-5BAE686DD2E1}.Debug|x64.Build.0 = Debug|x64
		{91879D99-3D89-4F5A-AA4F-5BAE686DD2E1}.Debug|x86.ActiveCfg = Debug|Win32
		{91879D99-3D89-4F5A-AA4F-5BAE686DD2E1}.Debug|x86.Build.0 = Debug|Win32
		{91879D99-3D89-4F5A-AA4F-5BAE686DD2E1}.Release|x64.ActiveCfg = Release|x64
		{91879D99-3D89-4F5A-AA4F-5BAE686DD2E1}.Release|x64.Build.0 = Release|x64
		{91879D99-3D89-4F5A-AA4F-5BAE686DD2E1}.Release|x86.ActiveCfg = Release|Win32
		{91879D99-3D89-4F5A-AA4F-5BAE686DD2E1}.Release|x86.Build.0 = Release|Win32
		{3DB5A4CD-1B0F-4241-9D2C-AA417543DC01}.Debug|x64.ActiveCfg = Debug|x64
		{3DB5A4CD-1B0F-4241-9D2C-AA417543DC01}.Debug|x64.Build.0 = Debug|x64
		{3DB5A4CD-1B0F-4241-9D2C-AA417543DC01}.Debug|x86.ActiveCfg = Debug|Win32
		{3DB5A4CD-1B0F-4241-9D2C-AA417543DC01}.Debug|x86.Build.0 = Debug|Win32
		{3DB5A4CD-1B0F-4241-9D2C-AA417543DC01}.Release|x64.ActiveCfg = Release|x64
		{3DB5A4CD-1B0F-4241-9D2C-AA417543DC01}.Release|x64.Build.0 = Release|x64
		{3DB5A4CD-1B0F-4241-9D2C-AA417543DC01}.Release|x86.ActiveCfg = Release|Win32
		{3DB5A4CD-1B0F-4241-9D2C-AA417543DC01}.Release|x86.Build.0 = Release|Win32
		{28BBF221-9319-45D1-8BB6-E810CAEF29CB}.Debug|x64.ActiveCfg = Debug|x64
		{28BBF221-9319-45D1-8BB6-E810CAEF29CB}.Debug|x64.Build.0 = Debug|x64
		{28BBF221-9319-45D1-8BB6-E810CAEF29CB}.Debug|x86.ActiveCfg = Debug|Win32
		{28BBF221-9319-45D1-8BB6-E810CAEF29CB}.Debug|x86.Build.0 = Debug|Win32
		{28BBF221-9319-45D1-8BB6-E810CAEF29CB}.Release|x64.ActiveCfg = Release|x64
		{28BBF221-9319-45D1-8BB6-E810CAEF29CB}.Release|x64.Build.0 = Release|x64
		{28BBF221-9319-45D1-8BB6-E810CAEF29CB}.Release|x86.ActiveCfg = Release|Win32
		{28BBF221-9319-45D1-8BB6-E810CAEF29CB}.Release|x86.Build.0 = Release|Win32
		{CEBBA80F-1BE2-4980-88C9-CCB8A25C1A24}.Debug|x64.ActiveCfg = Debug|x64
		{CEBBA80F-1BE2-4980-88C9-CCB8A25C1A24}.Debug|x64.Build.0 = Debug|x64
		{CEBBA80F-1BE2-4980-88C9-CCB8A25C1A24}.Debug|x86.ActiveCfg = Debug|Win32
		{CEBBA80F-1BE2-4980-88C9-CCB8A25C1A24}.Debug|x86.Build.0 = Debug|Win32
		{CEBBA80F-1BE2-4980-88C9-CCB8A25C1A24}.Release|x64.ActiveCfg = Release|x64
		{CEBBA80F-1BE2-4980-88C9-CCB8A25C1A24}.Release|x64.Build.0 = Release|x64
		{CEBBA80F-1BE2-4980-88C9-CCB8A25C1A24}.Release|x86.ActiveCfg = Release|Win32
		{CEBBA80F-1BE2-4980-88C9-CCB8A25C1A24}.Release|x86.Build.0 = Release|Win32
		{4AE281EB-740F-45B2-976C-4DF9F70B360F}.Debug|x64.ActiveCfg = Debug|x64
		{4AE281EB-740F-45B2-976C-4DF9F70B360F}.Debug|x64.Build.0 = Debug|x64
		{4AE281EB-740F-45B2-976C-4DF9F70B360F}.Debug|x86.ActiveCfg = Debug|Win32
		{4AE281EB-740F-45B2-976C-4DF9F70B360F}.Debug|x86.Build.0 = Debug|Win32
		{4AE281EB-740F-45B2-976C-4DF9F70B360F}.Release|x64.ActiveCfg = Release|x64
		{4AE281EB-740F-45B2-976C-4DF9F70B360F}.Release|x64.Build.0 = Release|x64
		{4AE281EB-740F-45B2-976C-4DF9F70B360F}.Release|x86.ActiveCfg = Release|Win32
		{4AE281EB-740F-45B2-976C-4DF9F70B360F}.Release|x86.Build.0 = Release|Win32
	EndGlobalSection
	GlobalSection(SolutionProperties) = preSolution
		HideSolutionNode = FALSE
	EndGlobalSection
	GlobalSection(NestedProjects) = preSolution
		{28BBF221-9319-45D1-8BB6-E810CAEF29CB} = {EB77000A-F6F0-4A0C-91CC-7192256321E1}
		{CEBBA80F-1BE2-4980-88C9-CCB8A25C1A24} = {EB77000A-F6F0-4A0C-91CC-7192256321E1}
		{4AE281EB-740F-45B2-976C-4DF9F70B360F} = {EB77000A-F6F0-4A0C-91CC-7192256321E1}
	EndGlobalSection
	GlobalSection(ExtensibilityGlobals) = postSolution
		SolutionGuid = {659B88D3-D167-4276-8B59-BE9EF0C59A8E}
	EndGlobalSection
EndGlobal
